// !$*UTF8*$!
{
	archiveVersion = 1;
	classes = {
	};
	objectVersion = 46;
	objects = {

/* Begin PBXBuildFile section */
		C4537EC41E5A1AE700D6BF94 /* AppDelegate.swift in Sources */ = {isa = PBXBuildFile; fileRef = C4537EC31E5A1AE700D6BF94 /* AppDelegate.swift */; };
		C4537EC61E5A1AE700D6BF94 /* ViewController.swift in Sources */ = {isa = PBXBuildFile; fileRef = C4537EC51E5A1AE700D6BF94 /* ViewController.swift */; };
		C4537EC91E5A1AE700D6BF94 /* Main.storyboard in Resources */ = {isa = PBXBuildFile; fileRef = C4537EC71E5A1AE700D6BF94 /* Main.storyboard */; };
		C4537ECB1E5A1AE700D6BF94 /* Assets.xcassets in Resources */ = {isa = PBXBuildFile; fileRef = C4537ECA1E5A1AE700D6BF94 /* Assets.xcassets */; };
		C4537ECE1E5A1AE700D6BF94 /* LaunchScreen.storyboard in Resources */ = {isa = PBXBuildFile; fileRef = C4537ECC1E5A1AE700D6BF94 /* LaunchScreen.storyboard */; };
		C4537ED91E5A1AE700D6BF94 /* timeSplitTests.swift in Sources */ = {isa = PBXBuildFile; fileRef = C4537ED81E5A1AE700D6BF94 /* timeSplitTests.swift */; };
/* End PBXBuildFile section */

/* Begin PBXContainerItemProxy section */
		C4537ED51E5A1AE700D6BF94 /* PBXContainerItemProxy */ = {
			isa = PBXContainerItemProxy;
			containerPortal = C4537EB81E5A1AE700D6BF94 /* Project object */;
			proxyType = 1;
			remoteGlobalIDString = C4537EBF1E5A1AE700D6BF94;
			remoteInfo = timeSplit;
		};
/* End PBXContainerItemProxy section */

/* Begin PBXFileReference section */
		C4537EC01E5A1AE700D6BF94 /* timeSplit.app */ = {isa = PBXFileReference; explicitFileType = wrapper.application; includeInIndex = 0; path = timeSplit.app; sourceTree = BUILT_PRODUCTS_DIR; };
		C4537EC31E5A1AE700D6BF94 /* AppDelegate.swift */ = {isa = PBXFileReference; lastKnownFileType = sourcecode.swift; path = AppDelegate.swift; sourceTree = "<group>"; };
		C4537EC51E5A1AE700D6BF94 /* ViewController.swift */ = {isa = PBXFileReference; lastKnownFileType = sourcecode.swift; path = ViewController.swift; sourceTree = "<group>"; };
		C4537EC81E5A1AE700D6BF94 /* Base */ = {isa = PBXFileReference; lastKnownFileType = file.storyboard; name = Base; path = Base.lproj/Main.storyboard; sourceTree = "<group>"; };
		C4537ECA1E5A1AE700D6BF94 /* Assets.xcassets */ = {isa = PBXFileReference; lastKnownFileType = folder.assetcatalog; path = Assets.xcassets; sourceTree = "<group>"; };
		C4537ECD1E5A1AE700D6BF94 /* Base */ = {isa = PBXFileReference; lastKnownFileType = file.storyboard; name = Base; path = Base.lproj/LaunchScreen.storyboard; sourceTree = "<group>"; };
		C4537ECF1E5A1AE700D6BF94 /* Info.plist */ = {isa = PBXFileReference; lastKnownFileType = text.plist.xml; path = Info.plist; sourceTree = "<group>"; };
		C4537ED41E5A1AE700D6BF94 /* timeSplitTests.xctest */ = {isa = PBXFileReference; explicitFileType = wrapper.cfbundle; includeInIndex = 0; path = timeSplitTests.xctest; sourceTree = BUILT_PRODUCTS_DIR; };
		C4537ED81E5A1AE700D6BF94 /* timeSplitTests.swift */ = {isa = PBXFileReference; lastKnownFileType = sourcecode.swift; path = timeSplitTests.swift; sourceTree = "<group>"; };
		C4537EDA1E5A1AE700D6BF94 /* Info.plist */ = {isa = PBXFileReference; lastKnownFileType = text.plist.xml; path = Info.plist; sourceTree = "<group>"; };
/* End PBXFileReference section */

/* Begin PBXFrameworksBuildPhase section */
		C4537EBD1E5A1AE700D6BF94 /* Frameworks */ = {
			isa = PBXFrameworksBuildPhase;
			buildActionMask = 2147483647;
			files = (
			);
			runOnlyForDeploymentPostprocessing = 0;
		};
		C4537ED11E5A1AE700D6BF94 /* Frameworks */ = {
			isa = PBXFrameworksBuildPhase;
			buildActionMask = 2147483647;
			files = (
			);
			runOnlyForDeploymentPostprocessing = 0;
		};
/* End PBXFrameworksBuildPhase section */

/* Begin PBXGroup section */
		C4537EB71E5A1AE700D6BF94 = {
			isa = PBXGroup;
			children = (
				C4537EC21E5A1AE700D6BF94 /* timeSplit */,
				C4537ED71E5A1AE700D6BF94 /* timeSplitTests */,
				C4537EC11E5A1AE700D6BF94 /* Products */,
			);
			sourceTree = "<group>";
		};
		C4537EC11E5A1AE700D6BF94 /* Products */ = {
			isa = PBXGroup;
			children = (
				C4537EC01E5A1AE700D6BF94 /* timeSplit.app */,
				C4537ED41E5A1AE700D6BF94 /* timeSplitTests.xctest */,
			);
			name = Products;
			sourceTree = "<group>";
		};
		C4537EC21E5A1AE700D6BF94 /* timeSplit */ = {
			isa = PBXGroup;
			children = (
				C4537EC31E5A1AE700D6BF94 /* AppDelegate.swift */,
				C4537EC51E5A1AE700D6BF94 /* ViewController.swift */,
				C4537EC71E5A1AE700D6BF94 /* Main.storyboard */,
				C4537ECA1E5A1AE700D6BF94 /* Assets.xcassets */,
				C4537ECC1E5A1AE700D6BF94 /* LaunchScreen.storyboard */,
				C4537ECF1E5A1AE700D6BF94 /* Info.plist */,
			);
			path = timeSplit;
			sourceTree = "<group>";
		};
		C4537ED71E5A1AE700D6BF94 /* timeSplitTests */ = {
			isa = PBXGroup;
			children = (
				C4537ED81E5A1AE700D6BF94 /* timeSplitTests.swift */,
				C4537EDA1E5A1AE700D6BF94 /* Info.plist */,
			);
			path = timeSplitTests;
			sourceTree = "<group>";
		};
/* End PBXGroup section */

/* Begin PBXNativeTarget section */
		C4537EBF1E5A1AE700D6BF94 /* timeSplit */ = {
			isa = PBXNativeTarget;
			buildConfigurationList = C4537EDD1E5A1AE700D6BF94 /* Build configuration list for PBXNativeTarget "timeSplit" */;
			buildPhases = (
				C4537EBC1E5A1AE700D6BF94 /* Sources */,
				C4537EBD1E5A1AE700D6BF94 /* Frameworks */,
				C4537EBE1E5A1AE700D6BF94 /* Resources */,
			);
			buildRules = (
			);
			dependencies = (
			);
			name = timeSplit;
			productName = timeSplit;
			productReference = C4537EC01E5A1AE700D6BF94 /* timeSplit.app */;
			productType = "com.apple.product-type.application";
		};
		C4537ED31E5A1AE700D6BF94 /* timeSplitTests */ = {
			isa = PBXNativeTarget;
			buildConfigurationList = C4537EE01E5A1AE700D6BF94 /* Build configuration list for PBXNativeTarget "timeSplitTests" */;
			buildPhases = (
				C4537ED01E5A1AE700D6BF94 /* Sources */,
				C4537ED11E5A1AE700D6BF94 /* Frameworks */,
				C4537ED21E5A1AE700D6BF94 /* Resources */,
			);
			buildRules = (
			);
			dependencies = (
				C4537ED61E5A1AE700D6BF94 /* PBXTargetDependency */,
			);
			name = timeSplitTests;
			productName = timeSplitTests;
			productReference = C4537ED41E5A1AE700D6BF94 /* timeSplitTests.xctest */;
			productType = "com.apple.product-type.bundle.unit-test";
		};
/* End PBXNativeTarget section */

/* Begin PBXProject section */
		C4537EB81E5A1AE700D6BF94 /* Project object */ = {
			isa = PBXProject;
			attributes = {
				LastSwiftUpdateCheck = 0820;
				LastUpgradeCheck = 0820;
				ORGANIZATIONNAME = Cory;
				TargetAttributes = {
					C4537EBF1E5A1AE700D6BF94 = {
						CreatedOnToolsVersion = 8.2.1;
						DevelopmentTeam = 595GQGY9Q9;
						ProvisioningStyle = Automatic;
					};
					C4537ED31E5A1AE700D6BF94 = {
						CreatedOnToolsVersion = 8.2.1;
						DevelopmentTeam = 595GQGY9Q9;
						ProvisioningStyle = Automatic;
						TestTargetID = C4537EBF1E5A1AE700D6BF94;
					};
				};
			};
			buildConfigurationList = C4537EBB1E5A1AE700D6BF94 /* Build configuration list for PBXProject "timeSplit" */;
			compatibilityVersion = "Xcode 3.2";
			developmentRegion = English;
			hasScannedForEncodings = 0;
			knownRegions = (
				en,
				Base,
			);
			mainGroup = C4537EB71E5A1AE700D6BF94;
			productRefGroup = C4537EC11E5A1AE700D6BF94 /* Products */;
			projectDirPath = "";
			projectRoot = "";
			targets = (
				C4537EBF1E5A1AE700D6BF94 /* timeSplit */,
				C4537ED31E5A1AE700D6BF94 /* timeSplitTests */,
			);
		};
/* End PBXProject section */

/* Begin PBXResourcesBuildPhase section */
		C4537EBE1E5A1AE700D6BF94 /* Resources */ = {
			isa = PBXResourcesBuildPhase;
			buildActionMask = 2147483647;
			files = (
				C4537ECE1E5A1AE700D6BF94 /* LaunchScreen.storyboard in Resources */,
				C4537ECB1E5A1AE700D6BF94 /* Assets.xcassets in Resources */,
				C4537EC91E5A1AE700D6BF94 /* Main.storyboard in Resources */,
			);
			runOnlyForDeploymentPostprocessing = 0;
		};
		C4537ED21E5A1AE700D6BF94 /* Resources */ = {
			isa = PBXResourcesBuildPhase;
			buildActionMask = 2147483647;
			files = (
			);
			runOnlyForDeploymentPostprocessing = 0;
		};
/* End PBXResourcesBuildPhase section */

/* Begin PBXSourcesBuildPhase section */
		C4537EBC1E5A1AE700D6BF94 /* Sources */ = {
			isa = PBXSourcesBuildPhase;
			buildActionMask = 2147483647;
			files = (
				C4537EC61E5A1AE700D6BF94 /* ViewController.swift in Sources */,
				C4537EC41E5A1AE700D6BF94 /* AppDelegate.swift in Sources */,
			);
			runOnlyForDeploymentPostprocessing = 0;
		};
		C4537ED01E5A1AE700D6BF94 /* Sources */ = {
			isa = PBXSourcesBuildPhase;
			buildActionMask = 2147483647;
			files = (
				C4537ED91E5A1AE700D6BF94 /* timeSplitTests.swift in Sources */,
			);
			runOnlyForDeploymentPostprocessing = 0;
		};
/* End PBXSourcesBuildPhase section */

/* Begin PBXTargetDependency section */
		C4537ED61E5A1AE700D6BF94 /* PBXTargetDependency */ = {
			isa = PBXTargetDependency;
			target = C4537EBF1E5A1AE700D6BF94 /* timeSplit */;
			targetProxy = C4537ED51E5A1AE700D6BF94 /* PBXContainerItemProxy */;
		};
/* End PBXTargetDependency section */

/* Begin PBXVariantGroup section */
		C4537EC71E5A1AE700D6BF94 /* Main.storyboard */ = {
			isa = PBXVariantGroup;
			children = (
				C4537EC81E5A1AE700D6BF94 /* Base */,
			);
			name = Main.storyboard;
			sourceTree = "<group>";
		};
		C4537ECC1E5A1AE700D6BF94 /* LaunchScreen.storyboard */ = {
			isa = PBXVariantGroup;
			children = (
				C4537ECD1E5A1AE700D6BF94 /* Base */,
			);
			name = LaunchScreen.storyboard;
			sourceTree = "<group>";
		};
/* End PBXVariantGroup section */

/* Begin XCBuildConfiguration section */
		C4537EDB1E5A1AE700D6BF94 /* Debug */ = {
			isa = XCBuildConfiguration;
			buildSettings = {
				ALWAYS_SEARCH_USER_PATHS = NO;
				CLANG_ANALYZER_NONNULL = YES;
				CLANG_CXX_LANGUAGE_STANDARD = "gnu++0x";
				CLANG_CXX_LIBRARY = "libc++";
				CLANG_ENABLE_MODULES = YES;
				CLANG_ENABLE_OBJC_ARC = YES;
				CLANG_WARN_BOOL_CONVERSION = YES;
				CLANG_WARN_CONSTANT_CONVERSION = YES;
				CLANG_WARN_DIRECT_OBJC_ISA_USAGE = YES_ERROR;
				CLANG_WARN_DOCUMENTATION_COMMENTS = YES;
				CLANG_WARN_EMPTY_BODY = YES;
				CLANG_WARN_ENUM_CONVERSION = YES;
				CLANG_WARN_INFINITE_RECURSION = YES;
				CLANG_WARN_INT_CONVERSION = YES;
				CLANG_WARN_OBJC_ROOT_CLASS = YES_ERROR;
				CLANG_WARN_SUSPICIOUS_MOVE = YES;
				CLANG_WARN_UNREACHABLE_CODE = YES;
				CLANG_WARN__DUPLICATE_METHOD_MATCH = YES;
				"CODE_SIGN_IDENTITY[sdk=iphoneos*]" = "iPhone Developer";
				COPY_PHASE_STRIP = NO;
				DEBUG_INFORMATION_FORMAT = dwarf;
				ENABLE_STRICT_OBJC_MSGSEND = YES;
				ENABLE_TESTABILITY = YES;
				GCC_C_LANGUAGE_STANDARD = gnu99;
				GCC_DYNAMIC_NO_PIC = NO;
				GCC_NO_COMMON_BLOCKS = YES;
				GCC_OPTIMIZATION_LEVEL = 0;
				GCC_PREPROCESSOR_DEFINITIONS = (
					"DEBUG=1",
					"$(inherited)",
				);
				GCC_WARN_64_TO_32_BIT_CONVERSION = YES;
				GCC_WARN_ABOUT_RETURN_TYPE = YES_ERROR;
				GCC_WARN_UNDECLARED_SELECTOR = YES;
				GCC_WARN_UNINITIALIZED_AUTOS = YES_AGGRESSIVE;
				GCC_WARN_UNUSED_FUNCTION = YES;
				GCC_WARN_UNUSED_VARIABLE = YES;
				IPHONEOS_DEPLOYMENT_TARGET = 10.2;
				MTL_ENABLE_DEBUG_INFO = YES;
				ONLY_ACTIVE_ARCH = YES;
				SDKROOT = iphoneos;
				SWIFT_ACTIVE_COMPILATION_CONDITIONS = DEBUG;
				SWIFT_OPTIMIZATION_LEVEL = "-Onone";
				TARGETED_DEVICE_FAMILY = "1,2";
			};
			name = Debug;
		};
		C4537EDC1E5A1AE700D6BF94 /* Release */ = {
			isa = XCBuildConfiguration;
			buildSettings = {
				ALWAYS_SEARCH_USER_PATHS = NO;
				CLANG_ANALYZER_NONNULL = YES;
				CLANG_CXX_LANGUAGE_STANDARD = "gnu++0x";
				CLANG_CXX_LIBRARY = "libc++";
				CLANG_ENABLE_MODULES = YES;
				CLANG_ENABLE_OBJC_ARC = YES;
				CLANG_WARN_BOOL_CONVERSION = YES;
				CLANG_WARN_CONSTANT_CONVERSION = YES;
				CLANG_WARN_DIRECT_OBJC_ISA_USAGE = YES_ERROR;
				CLANG_WARN_DOCUMENTATION_COMMENTS = YES;
				CLANG_WARN_EMPTY_BODY = YES;
				CLANG_WARN_ENUM_CONVERSION = YES;
				CLANG_WARN_INFINITE_RECURSION = YES;
				CLANG_WARN_INT_CONVERSION = YES;
				CLANG_WARN_OBJC_ROOT_CLASS = YES_ERROR;
				CLANG_WARN_SUSPICIOUS_MOVE = YES;
				CLANG_WARN_UNREACHABLE_CODE = YES;
				CLANG_WARN__DUPLICATE_METHOD_MATCH = YES;
				"CODE_SIGN_IDENTITY[sdk=iphoneos*]" = "iPhone Developer";
				COPY_PHASE_STRIP = NO;
				DEBUG_INFORMATION_FORMAT = "dwarf-with-dsym";
				ENABLE_NS_ASSERTIONS = NO;
				ENABLE_STRICT_OBJC_MSGSEND = YES;
				GCC_C_LANGUAGE_STANDARD = gnu99;
				GCC_NO_COMMON_BLOCKS = YES;
				GCC_WARN_64_TO_32_BIT_CONVERSION = YES;
				GCC_WARN_ABOUT_RETURN_TYPE = YES_ERROR;
				GCC_WARN_UNDECLARED_SELECTOR = YES;
				GCC_WARN_UNINITIALIZED_AUTOS = YES_AGGRESSIVE;
				GCC_WARN_UNUSED_FUNCTION = YES;
				GCC_WARN_UNUSED_VARIABLE = YES;
				IPHONEOS_DEPLOYMENT_TARGET = 10.2;
				MTL_ENABLE_DEBUG_INFO = NO;
				SDKROOT = iphoneos;
				SWIFT_OPTIMIZATION_LEVEL = "-Owholemodule";
				TARGETED_DEVICE_FAMILY = "1,2";
				VALIDATE_PRODUCT = YES;
			};
			name = Release;
		};
		C4537EDE1E5A1AE700D6BF94 /* Debug */ = {
			isa = XCBuildConfiguration;
			buildSettings = {
				ASSETCATALOG_COMPILER_APPICON_NAME = AppIcon;
				DEVELOPMENT_TEAM = 595GQGY9Q9;
				INFOPLIST_FILE = timeSplit/Info.plist;
				LD_RUNPATH_SEARCH_PATHS = "$(inherited) @executable_path/Frameworks";
				PRODUCT_BUNDLE_IDENTIFIER = com.cory.timeSplit;
				PRODUCT_NAME = "$(TARGET_NAME)";
				SWIFT_VERSION = 3.0;
			};
			name = Debug;
		};
		C4537EDF1E5A1AE700D6BF94 /* Release */ = {
			isa = XCBuildConfiguration;
			buildSettings = {
				ASSETCATALOG_COMPILER_APPICON_NAME = AppIcon;
				DEVELOPMENT_TEAM = 595GQGY9Q9;
				INFOPLIST_FILE = timeSplit/Info.plist;
				LD_RUNPATH_SEARCH_PATHS = "$(inherited) @executable_path/Frameworks";
				PRODUCT_BUNDLE_IDENTIFIER = com.cory.timeSplit;
				PRODUCT_NAME = "$(TARGET_NAME)";
				SWIFT_VERSION = 3.0;
			};
			name = Release;
		};
		C4537EE11E5A1AE700D6BF94 /* Debug */ = {
			isa = XCBuildConfiguration;
			buildSettings = {
				ALWAYS_EMBED_SWIFT_STANDARD_LIBRARIES = YES;
				BUNDLE_LOADER = "$(TEST_HOST)";
				DEVELOPMENT_TEAM = 595GQGY9Q9;
				INFOPLIST_FILE = timeSplitTests/Info.plist;
				LD_RUNPATH_SEARCH_PATHS = "$(inherited) @executable_path/Frameworks @loader_path/Frameworks";
				PRODUCT_BUNDLE_IDENTIFIER = com.cory.timeSplitTests;
				PRODUCT_NAME = "$(TARGET_NAME)";
				SWIFT_VERSION = 3.0;
				TEST_HOST = "$(BUILT_PRODUCTS_DIR)/timeSplit.app/timeSplit";
			};
			name = Debug;
		};
		C4537EE21E5A1AE700D6BF94 /* Release */ = {
			isa = XCBuildConfiguration;
			buildSettings = {
				ALWAYS_EMBED_SWIFT_STANDARD_LIBRARIES = YES;
				BUNDLE_LOADER = "$(TEST_HOST)";
				DEVELOPMENT_TEAM = 595GQGY9Q9;
				INFOPLIST_FILE = timeSplitTests/Info.plist;
				LD_RUNPATH_SEARCH_PATHS = "$(inherited) @executable_path/Frameworks @loader_path/Frameworks";
				PRODUCT_BUNDLE_IDENTIFIER = com.cory.timeSplitTests;
				PRODUCT_NAME = "$(TARGET_NAME)";
				SWIFT_VERSION = 3.0;
				TEST_HOST = "$(BUILT_PRODUCTS_DIR)/timeSplit.app/timeSplit";
			};
			name = Release;
		};
/* End XCBuildConfiguration section */

/* Begin XCConfigurationList section */
		C4537EBB1E5A1AE700D6BF94 /* Build configuration list for PBXProject "timeSplit" */ = {
			isa = XCConfigurationList;
			buildConfigurations = (
				C4537EDB1E5A1AE700D6BF94 /* Debug */,
				C4537EDC1E5A1AE700D6BF94 /* Release */,
			);
			defaultConfigurationIsVisible = 0;
			defaultConfigurationName = Release;
		};
		C4537EDD1E5A1AE700D6BF94 /* Build configuration list for PBXNativeTarget "timeSplit" */ = {
			isa = XCConfigurationList;
			buildConfigurations = (
				C4537EDE1E5A1AE700D6BF94 /* Debug */,
				C4537EDF1E5A1AE700D6BF94 /* Release */,
			);
			defaultConfigurationIsVisible = 0;
		};
		C4537EE01E5A1AE700D6BF94 /* Build configuration list for PBXNativeTarget "timeSplitTests" */ = {
			isa = XCConfigurationList;
			buildConfigurations = (
				C4537EE11E5A1AE700D6BF94 /* Debug */,
				C4537EE21E5A1AE700D6BF94 /* Release */,
			);
			defaultConfigurationIsVisible = 0;
		};
/* End XCConfigurationList section */
	};
	rootObject = C4537EB81E5A1AE700D6BF94 /* Project object */;
}
